PODS:
  - better_native_video_player (1.6.1):
    - Flutter
  - Flutter (1.0.0)
  - integration_test (0.0.1):
    - Flutter

DEPENDENCIES:
  - better_native_video_player (from `.symlinks/plugins/better_native_video_player/ios`)
  - Flutter (from `Flutter`)
  - integration_test (from `.symlinks/plugins/integration_test/ios`)

EXTERNAL SOURCES:
  better_native_video_player:
    :path: ".symlinks/plugins/better_native_video_player/ios"
  Flutter:
    :path: Flutter
  integration_test:
    :path: ".symlinks/plugins/integration_test/ios"

SPEC CHECKSUMS:
  better_native_video_player: 596f5a499127a74e0fa0de314c50d0ade2d4e3a8
  Flutter: 71a624a5bc0c04062bf19101d501e466baf2fb47
  integration_test: 4a889634ef21a45d28d50d622cf412dc6d9f586e

PODFILE CHECKSUM: 3ba3a73b1b12adcf321a227a745625fe0888cc82

COCOAPODS: 1.17.0
